# THIS IS AN AUTOGENERATED FILE. DO NOT EDIT THIS FILE DIRECTLY.
# yarn lockfile v1


reveal.js@^3.5.0:
  version "3.5.0"
  resolved "https://registry.yarnpkg.com/reveal.js/-/reveal.js-3.5.0.tgz#95545949ad682636acecfdaea05cf0ca892d442d"

slide-builder@^1.0.0:
  version "1.0.0"
  resolved "https://registry.yarnpkg.com/slide-builder/-/slide-builder-1.0.0.tgz#505df12c3d3cd5415aad6f9031855021819615c2"
